
Microsoft Visual Studio Solution File, Format Version 12.00
# Visual Studio 15
VisualStudioVersion = 15.0.27703.2035
MinimumVisualStudioVersion = 10.0.40219.1
Project("{FAE04EC0-301F-11D3-BF4B-00C04F79EFBC}") = "stringbuilder", "stringbuilder\stringbuilder.csproj", "{5BE836F5-5599-4B37-9505-A8A69C014DDF}"
EndProject
Global
	GlobalSection(SolutionConfigurationPlatforms) = preSolution
		Debug|Any CPU = Debug|Any CPU
		Release|Any CPU = Release|Any CPU
	EndGlobalSection
	GlobalSection(ProjectConfigurationPlatforms) = postSolution
		{5BE836F5-5599-4B37-9505-A8A69C014DDF}.Debug|Any CPU.ActiveCfg = Debug|Any CPU
		{5BE836F5-5599-4B37-9505-A8A69C014DDF}.Debug|Any CPU.Build.0 = Debug|Any CPU
		{5BE836F5-5599-4B37-9505-A8A69C014DDF}.Release|Any CPU.ActiveCfg = Release|Any CPU
		{5BE836F5-5599-4B37-9505-A8A69C014DDF}.Release|Any CPU.Build.0 = Release|Any CPU
	EndGlobalSection
	GlobalSection(SolutionProperties) = preSolution
		HideSolutionNode = FALSE
	EndGlobalSection
	GlobalSection(ExtensibilityGlobals) = postSolution
		SolutionGuid = {B330D617-F26D-4851-A67A-D1F914FA1BFB}
	EndGlobalSection
EndGlobal
